{
  "nodes": {
    "flake-utils": {
      "locked": {
        "lastModified": 1629284811,
        "narHash": "sha256-JHgasjPR0/J1J3DRm4KxM4zTyAj4IOJY8vIl75v/kPI=",
        "owner": "numtide",
        "repo": "flake-utils",
        "rev": "c5d161cc0af116a2e17f54316f0bf43f0819785c",
        "type": "github"
      },
      "original": {
        "owner": "numtide",
        "ref": "master",
        "repo": "flake-utils",
        "type": "github"
      }
    },
    "nixpkgs": {
      "locked": {
        "lastModified": 1629417965,
        "narHash": "sha256-z73NIceT58y/NzaQxGRCev1fWKfitdjJXqD9O/3bxLM=",
        "owner": "nixos",
        "repo": "nixpkgs",
        "rev": "79f38d76c27a05176411ec7bd049f48e2c1cc81c",
        "type": "github"
      },
      "original": {
        "owner": "nixos",
        "ref": "haskell-updates",
        "repo": "nixpkgs",
        "type": "github"
      }
    },
    "root": {
      "inputs": {
        "flake-utils": "flake-utils",
        "nixpkgs": "nixpkgs"
      }
    }
  },
  "root": "root",
  "version": 7
}
